
Microsoft Visual Studio Solution File, Format Version 12.00
# Visual Studio 15
VisualStudioVersion = 15.0.27004.2009
MinimumVisualStudioVersion = 10.0.40219.1
Project("{FAE04EC0-301F-11D3-BF4B-00C04F79EFBC}") = "DB.Interface", "DB.Interface\DB.Interface.csproj", "{7AC7805B-FF6C-4513-96BA-9B1E636FF3BB}"
EndProject
Project("{FAE04EC0-301F-11D3-BF4B-00C04F79EFBC}") = "DB.Sqlserver", "DB.Sqlserver\DB.Sqlserver.csproj", "{CADB1333-C901-4231-BA39-DE27EC1B0200}"
EndProject
Project("{FAE04EC0-301F-11D3-BF4B-00C04F79EFBC}") = "MyReflection", "MyReflection\MyReflection.csproj", "{81F87A83-B8F0-485D-9E78-3B097E3C391E}"
EndProject
Project("{FAE04EC0-301F-11D3-BF4B-00C04F79EFBC}") = "DB.MySql", "DB.MySql\DB.MySql.csproj", "{7B358DB4-870A-4370-9CD4-93CF397B215F}"
EndProject
Project("{FAE04EC0-301F-11D3-BF4B-00C04F79EFBC}") = "DB.Model", "DB.Model\DB.Model.csproj", "{50AB3985-9A0E-41A0-ACC7-072950F3D0D4}"
EndProject
Project("{FAE04EC0-301F-11D3-BF4B-00C04F79EFBC}") = "MyAttribute", "MyAttribute\MyAttribute.csproj", "{AC2AE87F-6045-4C1E-A9CB-F6AE1E8F8840}"
EndProject
Project("{FAE04EC0-301F-11D3-BF4B-00C04F79EFBC}") = "IOCUnity", "IOCUnity\IOCUnity.csproj", "{FAD771F0-A34D-4E5F-987E-0443FD92AE66}"
EndProject
Project("{FAE04EC0-301F-11D3-BF4B-00C04F79EFBC}") = "SimpleFactory", "SimpleFactory\SimpleFactory.csproj", "{8515F083-7244-448D-BBDC-10BACF45B556}"
EndProject
Project("{FAE04EC0-301F-11D3-BF4B-00C04F79EFBC}") = "FactoryMethod", "FactoryMethod\FactoryMethod.csproj", "{5FB7CDFA-117E-4EE5-AD26-A756A8F52B7C}"
EndProject
Project("{FAE04EC0-301F-11D3-BF4B-00C04F79EFBC}") = "MySingleton", "Singleton\MySingleton.csproj", "{EA65B9A2-18A5-4CAD-996F-14BEBB5301CA}"
EndProject
Project("{FAE04EC0-301F-11D3-BF4B-00C04F79EFBC}") = "MyDelegate", "MyDelegate\MyDelegate.csproj", "{B16706F6-BBA4-4C03-91B6-133E029C8573}"
EndProject
Project("{FAE04EC0-301F-11D3-BF4B-00C04F79EFBC}") = "TOOL", "TOOL\TOOL.csproj", "{84647A8B-4EE6-4CB8-83A1-0731D621F4A2}"
EndProject
Project("{FAE04EC0-301F-11D3-BF4B-00C04F79EFBC}") = "ProxyPattern", "ProxyPattern\ProxyPattern.csproj", "{8DD8F7B9-B547-4F9B-89C1-95F7CBBBAD24}"
EndProject
Project("{FAE04EC0-301F-11D3-BF4B-00C04F79EFBC}") = "LogManger", "LogManger\LogManger.csproj", "{F18CBD8B-2B56-48B3-A808-70A1DB5392A1}"
EndProject
Project("{FAE04EC0-301F-11D3-BF4B-00C04F79EFBC}") = "TestLambda", "TestLambda\TestLambda.csproj", "{BECDBA91-32E9-4340-AAB9-8AF2013FEFB2}"
EndProject
Project("{FAE04EC0-301F-11D3-BF4B-00C04F79EFBC}") = "Dapper", "Dapper\Dapper.csproj", "{4E5B7F21-481E-4D88-AF78-1CC2027D4FC9}"
EndProject
Project("{FAE04EC0-301F-11D3-BF4B-00C04F79EFBC}") = "MyAsyn", "MyAsyn\MyAsyn.csproj", "{68FB3213-6B7F-4142-B405-DC6E21A6555E}"
EndProject
Project("{FAE04EC0-301F-11D3-BF4B-00C04F79EFBC}") = "MyNew", "MyNew\MyNew.csproj", "{035E5B1E-0481-4F07-A3C4-D5795203220E}"
EndProject
Project("{FAE04EC0-301F-11D3-BF4B-00C04F79EFBC}") = "PrototypePattern", "PrototypePattern\PrototypePattern.csproj", "{8D8AA2D6-B740-4B14-980D-08DBCD340DB2}"
EndProject
Project("{FAE04EC0-301F-11D3-BF4B-00C04F79EFBC}") = "MyCache", "MyCache\MyCache.csproj", "{8EABB491-5010-4CCB-A1CE-E92082FE0D76}"
EndProject
Project("{FAE04EC0-301F-11D3-BF4B-00C04F79EFBC}") = "AdapterPattern", "AdapterPattern\AdapterPattern.csproj", "{080B58B6-47D9-47C5-A023-FABAD44458F4}"
EndProject
Project("{FAE04EC0-301F-11D3-BF4B-00C04F79EFBC}") = "BridgePattern", "BridgePattern\BridgePattern.csproj", "{7E2BE141-5A2B-4FDE-A128-CB8CA9FB3864}"
EndProject
Project("{FAE04EC0-301F-11D3-BF4B-00C04F79EFBC}") = "OAuthServer", "OAuthServer\OAuthServer.csproj", "{F6E71453-1716-4B18-9EC4-1ADC06D14415}"
EndProject
Project("{2150E333-8FDC-42A3-9474-1A3956D46DE8}") = "DesignPattern", "DesignPattern", "{91FE057B-E272-42E0-8A36-55FAB727E77F}"
EndProject
Project("{2150E333-8FDC-42A3-9474-1A3956D46DE8}") = "OOP", "OOP", "{6B79956E-CB14-4BCC-86F4-3D6A4A6553DE}"
EndProject
Project("{2150E333-8FDC-42A3-9474-1A3956D46DE8}") = "Until", "Until", "{26A15711-62CF-43EA-A405-C76A1BE4E05E}"
EndProject
Project("{FAE04EC0-301F-11D3-BF4B-00C04F79EFBC}") = "OOPInherit", "OOPInherit\OOPInherit.csproj", "{8E823616-976E-4714-886A-E78A83F37950}"
EndProject
Project("{FAE04EC0-301F-11D3-BF4B-00C04F79EFBC}") = "OOPEncapsulation", "OOPEncapsulation\OOPEncapsulation.csproj", "{5B6306A6-957F-4B07-ADBD-F154C61DBDC8}"
EndProject
Project("{FAE04EC0-301F-11D3-BF4B-00C04F79EFBC}") = "OOPPolymorphic", "OOPPolymorphic\OOPPolymorphic.csproj", "{095F9728-1F00-4571-A27C-1C037D060353}"
EndProject
Project("{FAE04EC0-301F-11D3-BF4B-00C04F79EFBC}") = "AbstractFactory", "abstractFactory\AbstractFactory.csproj", "{240A0B77-BD7B-4CA3-9C93-153C7C743408}"
EndProject
Global
	GlobalSection(SolutionConfigurationPlatforms) = preSolution
		Debug|Any CPU = Debug|Any CPU
		Release|Any CPU = Release|Any CPU
	EndGlobalSection
	GlobalSection(ProjectConfigurationPlatforms) = postSolution
		{7AC7805B-FF6C-4513-96BA-9B1E636FF3BB}.Debug|Any CPU.ActiveCfg = Debug|Any CPU
		{7AC7805B-FF6C-4513-96BA-9B1E636FF3BB}.Debug|Any CPU.Build.0 = Debug|Any CPU
		{7AC7805B-FF6C-4513-96BA-9B1E636FF3BB}.Release|Any CPU.ActiveCfg = Release|Any CPU
		{7AC7805B-FF6C-4513-96BA-9B1E636FF3BB}.Release|Any CPU.Build.0 = Release|Any CPU
		{CADB1333-C901-4231-BA39-DE27EC1B0200}.Debug|Any CPU.ActiveCfg = Debug|Any CPU
		{CADB1333-C901-4231-BA39-DE27EC1B0200}.Debug|Any CPU.Build.0 = Debug|Any CPU
		{CADB1333-C901-4231-BA39-DE27EC1B0200}.Release|Any CPU.ActiveCfg = Release|Any CPU
		{CADB1333-C901-4231-BA39-DE27EC1B0200}.Release|Any CPU.Build.0 = Release|Any CPU
		{81F87A83-B8F0-485D-9E78-3B097E3C391E}.Debug|Any CPU.ActiveCfg = Debug|Any CPU
		{81F87A83-B8F0-485D-9E78-3B097E3C391E}.Debug|Any CPU.Build.0 = Debug|Any CPU
		{81F87A83-B8F0-485D-9E78-3B097E3C391E}.Release|Any CPU.ActiveCfg = Release|Any CPU
		{81F87A83-B8F0-485D-9E78-3B097E3C391E}.Release|Any CPU.Build.0 = Release|Any CPU
		{7B358DB4-870A-4370-9CD4-93CF397B215F}.Debug|Any CPU.ActiveCfg = Debug|Any CPU
		{7B358DB4-870A-4370-9CD4-93CF397B215F}.Debug|Any CPU.Build.0 = Debug|Any CPU
		{7B358DB4-870A-4370-9CD4-93CF397B215F}.Release|Any CPU.ActiveCfg = Release|Any CPU
		{7B358DB4-870A-4370-9CD4-93CF397B215F}.Release|Any CPU.Build.0 = Release|Any CPU
		{50AB3985-9A0E-41A0-ACC7-072950F3D0D4}.Debug|Any CPU.ActiveCfg = Debug|Any CPU
		{50AB3985-9A0E-41A0-ACC7-072950F3D0D4}.Debug|Any CPU.Build.0 = Debug|Any CPU
		{50AB3985-9A0E-41A0-ACC7-072950F3D0D4}.Release|Any CPU.ActiveCfg = Release|Any CPU
		{50AB3985-9A0E-41A0-ACC7-072950F3D0D4}.Release|Any CPU.Build.0 = Release|Any CPU
		{AC2AE87F-6045-4C1E-A9CB-F6AE1E8F8840}.Debug|Any CPU.ActiveCfg = Debug|Any CPU
		{AC2AE87F-6045-4C1E-A9CB-F6AE1E8F8840}.Debug|Any CPU.Build.0 = Debug|Any CPU
		{AC2AE87F-6045-4C1E-A9CB-F6AE1E8F8840}.Release|Any CPU.ActiveCfg = Release|Any CPU
		{AC2AE87F-6045-4C1E-A9CB-F6AE1E8F8840}.Release|Any CPU.Build.0 = Release|Any CPU
		{FAD771F0-A34D-4E5F-987E-0443FD92AE66}.Debug|Any CPU.ActiveCfg = Debug|Any CPU
		{FAD771F0-A34D-4E5F-987E-0443FD92AE66}.Debug|Any CPU.Build.0 = Debug|Any CPU
		{FAD771F0-A34D-4E5F-987E-0443FD92AE66}.Release|Any CPU.ActiveCfg = Release|Any CPU
		{FAD771F0-A34D-4E5F-987E-0443FD92AE66}.Release|Any CPU.Build.0 = Release|Any CPU
		{8515F083-7244-448D-BBDC-10BACF45B556}.Debug|Any CPU.ActiveCfg = Debug|Any CPU
		{8515F083-7244-448D-BBDC-10BACF45B556}.Debug|Any CPU.Build.0 = Debug|Any CPU
		{8515F083-7244-448D-BBDC-10BACF45B556}.Release|Any CPU.ActiveCfg = Release|Any CPU
		{8515F083-7244-448D-BBDC-10BACF45B556}.Release|Any CPU.Build.0 = Release|Any CPU
		{5FB7CDFA-117E-4EE5-AD26-A756A8F52B7C}.Debug|Any CPU.ActiveCfg = Debug|Any CPU
		{5FB7CDFA-117E-4EE5-AD26-A756A8F52B7C}.Debug|Any CPU.Build.0 = Debug|Any CPU
		{5FB7CDFA-117E-4EE5-AD26-A756A8F52B7C}.Release|Any CPU.ActiveCfg = Release|Any CPU
		{5FB7CDFA-117E-4EE5-AD26-A756A8F52B7C}.Release|Any CPU.Build.0 = Release|Any CPU
		{EA65B9A2-18A5-4CAD-996F-14BEBB5301CA}.Debug|Any CPU.ActiveCfg = Debug|Any CPU
		{EA65B9A2-18A5-4CAD-996F-14BEBB5301CA}.Debug|Any CPU.Build.0 = Debug|Any CPU
		{EA65B9A2-18A5-4CAD-996F-14BEBB5301CA}.Release|Any CPU.ActiveCfg = Release|Any CPU
		{EA65B9A2-18A5-4CAD-996F-14BEBB5301CA}.Release|Any CPU.Build.0 = Release|Any CPU
		{B16706F6-BBA4-4C03-91B6-133E029C8573}.Debug|Any CPU.ActiveCfg = Debug|Any CPU
		{B16706F6-BBA4-4C03-91B6-133E029C8573}.Debug|Any CPU.Build.0 = Debug|Any CPU
		{B16706F6-BBA4-4C03-91B6-133E029C8573}.Release|Any CPU.ActiveCfg = Release|Any CPU
		{B16706F6-BBA4-4C03-91B6-133E029C8573}.Release|Any CPU.Build.0 = Release|Any CPU
		{84647A8B-4EE6-4CB8-83A1-0731D621F4A2}.Debug|Any CPU.ActiveCfg = Debug|Any CPU
		{84647A8B-4EE6-4CB8-83A1-0731D621F4A2}.Debug|Any CPU.Build.0 = Debug|Any CPU
		{84647A8B-4EE6-4CB8-83A1-0731D621F4A2}.Release|Any CPU.ActiveCfg = Release|Any CPU
		{84647A8B-4EE6-4CB8-83A1-0731D621F4A2}.Release|Any CPU.Build.0 = Release|Any CPU
		{8DD8F7B9-B547-4F9B-89C1-95F7CBBBAD24}.Debug|Any CPU.ActiveCfg = Debug|Any CPU
		{8DD8F7B9-B547-4F9B-89C1-95F7CBBBAD24}.Debug|Any CPU.Build.0 = Debug|Any CPU
		{8DD8F7B9-B547-4F9B-89C1-95F7CBBBAD24}.Release|Any CPU.ActiveCfg = Release|Any CPU
		{8DD8F7B9-B547-4F9B-89C1-95F7CBBBAD24}.Release|Any CPU.Build.0 = Release|Any CPU
		{F18CBD8B-2B56-48B3-A808-70A1DB5392A1}.Debug|Any CPU.ActiveCfg = Debug|Any CPU
		{F18CBD8B-2B56-48B3-A808-70A1DB5392A1}.Debug|Any CPU.Build.0 = Debug|Any CPU
		{F18CBD8B-2B56-48B3-A808-70A1DB5392A1}.Release|Any CPU.ActiveCfg = Release|Any CPU
		{F18CBD8B-2B56-48B3-A808-70A1DB5392A1}.Release|Any CPU.Build.0 = Release|Any CPU
		{BECDBA91-32E9-4340-AAB9-8AF2013FEFB2}.Debug|Any CPU.ActiveCfg = Debug|Any CPU
		{BECDBA91-32E9-4340-AAB9-8AF2013FEFB2}.Debug|Any CPU.Build.0 = Debug|Any CPU
		{BECDBA91-32E9-4340-AAB9-8AF2013FEFB2}.Release|Any CPU.ActiveCfg = Release|Any CPU
		{BECDBA91-32E9-4340-AAB9-8AF2013FEFB2}.Release|Any CPU.Build.0 = Release|Any CPU
		{4E5B7F21-481E-4D88-AF78-1CC2027D4FC9}.Debug|Any CPU.ActiveCfg = Debug|Any CPU
		{4E5B7F21-481E-4D88-AF78-1CC2027D4FC9}.Debug|Any CPU.Build.0 = Debug|Any CPU
		{4E5B7F21-481E-4D88-AF78-1CC2027D4FC9}.Release|Any CPU.ActiveCfg = Release|Any CPU
		{4E5B7F21-481E-4D88-AF78-1CC2027D4FC9}.Release|Any CPU.Build.0 = Release|Any CPU
		{68FB3213-6B7F-4142-B405-DC6E21A6555E}.Debug|Any CPU.ActiveCfg = Debug|Any CPU
		{68FB3213-6B7F-4142-B405-DC6E21A6555E}.Debug|Any CPU.Build.0 = Debug|Any CPU
		{68FB3213-6B7F-4142-B405-DC6E21A6555E}.Release|Any CPU.ActiveCfg = Release|Any CPU
		{68FB3213-6B7F-4142-B405-DC6E21A6555E}.Release|Any CPU.Build.0 = Release|Any CPU
		{035E5B1E-0481-4F07-A3C4-D5795203220E}.Debug|Any CPU.ActiveCfg = Debug|Any CPU
		{035E5B1E-0481-4F07-A3C4-D5795203220E}.Debug|Any CPU.Build.0 = Debug|Any CPU
		{035E5B1E-0481-4F07-A3C4-D5795203220E}.Release|Any CPU.ActiveCfg = Release|Any CPU
		{035E5B1E-0481-4F07-A3C4-D5795203220E}.Release|Any CPU.Build.0 = Release|Any CPU
		{8D8AA2D6-B740-4B14-980D-08DBCD340DB2}.Debug|Any CPU.ActiveCfg = Debug|Any CPU
		{8D8AA2D6-B740-4B14-980D-08DBCD340DB2}.Debug|Any CPU.Build.0 = Debug|Any CPU
		{8D8AA2D6-B740-4B14-980D-08DBCD340DB2}.Release|Any CPU.ActiveCfg = Release|Any CPU
		{8D8AA2D6-B740-4B14-980D-08DBCD340DB2}.Release|Any CPU.Build.0 = Release|Any CPU
		{8EABB491-5010-4CCB-A1CE-E92082FE0D76}.Debug|Any CPU.ActiveCfg = Debug|Any CPU
		{8EABB491-5010-4CCB-A1CE-E92082FE0D76}.Debug|Any CPU.Build.0 = Debug|Any CPU
		{8EABB491-5010-4CCB-A1CE-E92082FE0D76}.Release|Any CPU.ActiveCfg = Release|Any CPU
		{8EABB491-5010-4CCB-A1CE-E92082FE0D76}.Release|Any CPU.Build.0 = Release|Any CPU
		{080B58B6-47D9-47C5-A023-FABAD44458F4}.Debug|Any CPU.ActiveCfg = Debug|Any CPU
		{080B58B6-47D9-47C5-A023-FABAD44458F4}.Debug|Any CPU.Build.0 = Debug|Any CPU
		{080B58B6-47D9-47C5-A023-FABAD44458F4}.Release|Any CPU.ActiveCfg = Release|Any CPU
		{080B58B6-47D9-47C5-A023-FABAD44458F4}.Release|Any CPU.Build.0 = Release|Any CPU
		{7E2BE141-5A2B-4FDE-A128-CB8CA9FB3864}.Debug|Any CPU.ActiveCfg = Debug|Any CPU
		{7E2BE141-5A2B-4FDE-A128-CB8CA9FB3864}.Debug|Any CPU.Build.0 = Debug|Any CPU
		{7E2BE141-5A2B-4FDE-A128-CB8CA9FB3864}.Release|Any CPU.ActiveCfg = Release|Any CPU
		{7E2BE141-5A2B-4FDE-A128-CB8CA9FB3864}.Release|Any CPU.Build.0 = Release|Any CPU
		{F6E71453-1716-4B18-9EC4-1ADC06D14415}.Debug|Any CPU.ActiveCfg = Debug|Any CPU
		{F6E71453-1716-4B18-9EC4-1ADC06D14415}.Debug|Any CPU.Build.0 = Debug|Any CPU
		{F6E71453-1716-4B18-9EC4-1ADC06D14415}.Release|Any CPU.ActiveCfg = Release|Any CPU
		{F6E71453-1716-4B18-9EC4-1ADC06D14415}.Release|Any CPU.Build.0 = Release|Any CPU
		{8E823616-976E-4714-886A-E78A83F37950}.Debug|Any CPU.ActiveCfg = Debug|Any CPU
		{8E823616-976E-4714-886A-E78A83F37950}.Debug|Any CPU.Build.0 = Debug|Any CPU
		{8E823616-976E-4714-886A-E78A83F37950}.Release|Any CPU.ActiveCfg = Release|Any CPU
		{8E823616-976E-4714-886A-E78A83F37950}.Release|Any CPU.Build.0 = Release|Any CPU
		{5B6306A6-957F-4B07-ADBD-F154C61DBDC8}.Debug|Any CPU.ActiveCfg = Debug|Any CPU
		{5B6306A6-957F-4B07-ADBD-F154C61DBDC8}.Debug|Any CPU.Build.0 = Debug|Any CPU
		{5B6306A6-957F-4B07-ADBD-F154C61DBDC8}.Release|Any CPU.ActiveCfg = Release|Any CPU
		{5B6306A6-957F-4B07-ADBD-F154C61DBDC8}.Release|Any CPU.Build.0 = Release|Any CPU
		{095F9728-1F00-4571-A27C-1C037D060353}.Debug|Any CPU.ActiveCfg = Debug|Any CPU
		{095F9728-1F00-4571-A27C-1C037D060353}.Debug|Any CPU.Build.0 = Debug|Any CPU
		{095F9728-1F00-4571-A27C-1C037D060353}.Release|Any CPU.ActiveCfg = Release|Any CPU
		{095F9728-1F00-4571-A27C-1C037D060353}.Release|Any CPU.Build.0 = Release|Any CPU
		{240A0B77-BD7B-4CA3-9C93-153C7C743408}.Debug|Any CPU.ActiveCfg = Debug|Any CPU
		{240A0B77-BD7B-4CA3-9C93-153C7C743408}.Debug|Any CPU.Build.0 = Debug|Any CPU
		{240A0B77-BD7B-4CA3-9C93-153C7C743408}.Release|Any CPU.ActiveCfg = Release|Any CPU
		{240A0B77-BD7B-4CA3-9C93-153C7C743408}.Release|Any CPU.Build.0 = Release|Any CPU
	EndGlobalSection
	GlobalSection(SolutionProperties) = preSolution
		HideSolutionNode = FALSE
	EndGlobalSection
	GlobalSection(NestedProjects) = preSolution
		{7AC7805B-FF6C-4513-96BA-9B1E636FF3BB} = {6B79956E-CB14-4BCC-86F4-3D6A4A6553DE}
		{CADB1333-C901-4231-BA39-DE27EC1B0200} = {6B79956E-CB14-4BCC-86F4-3D6A4A6553DE}
		{7B358DB4-870A-4370-9CD4-93CF397B215F} = {6B79956E-CB14-4BCC-86F4-3D6A4A6553DE}
		{50AB3985-9A0E-41A0-ACC7-072950F3D0D4} = {6B79956E-CB14-4BCC-86F4-3D6A4A6553DE}
		{AC2AE87F-6045-4C1E-A9CB-F6AE1E8F8840} = {6B79956E-CB14-4BCC-86F4-3D6A4A6553DE}
		{FAD771F0-A34D-4E5F-987E-0443FD92AE66} = {6B79956E-CB14-4BCC-86F4-3D6A4A6553DE}
		{8515F083-7244-448D-BBDC-10BACF45B556} = {91FE057B-E272-42E0-8A36-55FAB727E77F}
		{5FB7CDFA-117E-4EE5-AD26-A756A8F52B7C} = {91FE057B-E272-42E0-8A36-55FAB727E77F}
		{EA65B9A2-18A5-4CAD-996F-14BEBB5301CA} = {91FE057B-E272-42E0-8A36-55FAB727E77F}
		{B16706F6-BBA4-4C03-91B6-133E029C8573} = {6B79956E-CB14-4BCC-86F4-3D6A4A6553DE}
		{84647A8B-4EE6-4CB8-83A1-0731D621F4A2} = {26A15711-62CF-43EA-A405-C76A1BE4E05E}
		{8DD8F7B9-B547-4F9B-89C1-95F7CBBBAD24} = {91FE057B-E272-42E0-8A36-55FAB727E77F}
		{F18CBD8B-2B56-48B3-A808-70A1DB5392A1} = {6B79956E-CB14-4BCC-86F4-3D6A4A6553DE}
		{BECDBA91-32E9-4340-AAB9-8AF2013FEFB2} = {6B79956E-CB14-4BCC-86F4-3D6A4A6553DE}
		{4E5B7F21-481E-4D88-AF78-1CC2027D4FC9} = {6B79956E-CB14-4BCC-86F4-3D6A4A6553DE}
		{68FB3213-6B7F-4142-B405-DC6E21A6555E} = {6B79956E-CB14-4BCC-86F4-3D6A4A6553DE}
		{035E5B1E-0481-4F07-A3C4-D5795203220E} = {6B79956E-CB14-4BCC-86F4-3D6A4A6553DE}
		{8D8AA2D6-B740-4B14-980D-08DBCD340DB2} = {91FE057B-E272-42E0-8A36-55FAB727E77F}
		{8EABB491-5010-4CCB-A1CE-E92082FE0D76} = {6B79956E-CB14-4BCC-86F4-3D6A4A6553DE}
		{080B58B6-47D9-47C5-A023-FABAD44458F4} = {91FE057B-E272-42E0-8A36-55FAB727E77F}
		{7E2BE141-5A2B-4FDE-A128-CB8CA9FB3864} = {91FE057B-E272-42E0-8A36-55FAB727E77F}
		{8E823616-976E-4714-886A-E78A83F37950} = {6B79956E-CB14-4BCC-86F4-3D6A4A6553DE}
		{5B6306A6-957F-4B07-ADBD-F154C61DBDC8} = {6B79956E-CB14-4BCC-86F4-3D6A4A6553DE}
		{095F9728-1F00-4571-A27C-1C037D060353} = {6B79956E-CB14-4BCC-86F4-3D6A4A6553DE}
		{240A0B77-BD7B-4CA3-9C93-153C7C743408} = {91FE057B-E272-42E0-8A36-55FAB727E77F}
	EndGlobalSection
	GlobalSection(ExtensibilityGlobals) = postSolution
		SolutionGuid = {30A72597-EFE1-4718-BA09-3543E0ABC345}
	EndGlobalSection
EndGlobal
